
Microsoft Visual Studio Solution File, Format Version 12.00
# Visual Studio Version 17
VisualStudioVersion = 17.9.34723.18
MinimumVisualStudioVersion = 10.0.40219.1
Project("{FAE04EC0-301F-11D3-BF4B-00C04F79EFBC}") = "IMDBOpgaveConsoleEdition", "IMDBOpgaveConsoleEdition.csproj", "{43A30E83-6239-492A-BF9B-741E6D6C3A3A}"
EndProject
Global
	GlobalSection(SolutionConfigurationPlatforms) = preSolution
		Debug|Any CPU = Debug|Any CPU
		Release|Any CPU = Release|Any CPU
	EndGlobalSection
	GlobalSection(ProjectConfigurationPlatforms) = postSolution
		{43A30E83-6239-492A-BF9B-741E6D6C3A3A}.Debug|Any CPU.ActiveCfg = Debug|Any CPU
		{43A30E83-6239-492A-BF9B-741E6D6C3A3A}.Debug|Any CPU.Build.0 = Debug|Any CPU
		{43A30E83-6239-492A-BF9B-741E6D6C3A3A}.Release|Any CPU.ActiveCfg = Release|Any CPU
		{43A30E83-6239-492A-BF9B-741E6D6C3A3A}.Release|Any CPU.Build.0 = Release|Any CPU
	EndGlobalSection
	GlobalSection(SolutionProperties) = preSolution
		HideSolutionNode = FALSE
	EndGlobalSection
	GlobalSection(ExtensibilityGlobals) = postSolution
		SolutionGuid = {DAA8CA51-CEDF-42C3-808F-85C573062DED}
	EndGlobalSection
EndGlobal
